// !$*UTF8*$!
{
	archiveVersion = 1;
	classes = {
	};
	objectVersion = 56;
	objects = {

/* Begin PBXBuildFile section */
		176E95652C7CB284004FB149 /* PeNaAreiaApp.swift in Sources */ = {isa = PBXBuildFile; fileRef = 176E95642C7CB284004FB149 /* PeNaAreiaApp.swift */; };
		176E95672C7CB284004FB149 /* TentDetailsView.swift in Sources */ = {isa = PBXBuildFile; fileRef = 176E95662C7CB284004FB149 /* TentDetailsView.swift */; };
		176E95692C7CB284004FB149 /* Assets.xcassets in Resources */ = {isa = PBXBuildFile; fileRef = 176E95682C7CB284004FB149 /* Assets.xcassets */; };
		176E956C2C7CB284004FB149 /* Preview Assets.xcassets in Resources */ = {isa = PBXBuildFile; fileRef = 176E956B2C7CB284004FB149 /* Preview Assets.xcassets */; };
		6A02684D2C8229C500B25308 /* CapacityAlertView.swift in Sources */ = {isa = PBXBuildFile; fileRef = 6A02684C2C8229C500B25308 /* CapacityAlertView.swift */; };
		6A96F5642C80C124001ABB21 /* TideViewModel.swift in Sources */ = {isa = PBXBuildFile; fileRef = 6A96F5632C80C124001ABB21 /* TideViewModel.swift */; };
		6A96F5672C80C217001ABB21 /* TideModel.swift in Sources */ = {isa = PBXBuildFile; fileRef = 6A96F5662C80C217001ABB21 /* TideModel.swift */; };
		6A96F5692C81EAC6001ABB21 /* Localizable.xcstrings in Resources */ = {isa = PBXBuildFile; fileRef = 6A96F5682C81EAC6001ABB21 /* Localizable.xcstrings */; };
		6AB483002C7E0F7A009C8B9A /* HeaderView.swift in Sources */ = {isa = PBXBuildFile; fileRef = 6AB482FF2C7E0F7A009C8B9A /* HeaderView.swift */; };
		6AB483032C7E1C90009C8B9A /* TentsView.swift in Sources */ = {isa = PBXBuildFile; fileRef = 6AB483022C7E1C90009C8B9A /* TentsView.swift */; };
		6AB483072C7F4C94009C8B9A /* ProductsView.swift in Sources */ = {isa = PBXBuildFile; fileRef = 6AB483062C7F4C94009C8B9A /* ProductsView.swift */; };
		6AB4830D2C80A16C009C8B9A /* WeatherViewModel.swift in Sources */ = {isa = PBXBuildFile; fileRef = 6AB4830C2C80A16C009C8B9A /* WeatherViewModel.swift */; };
		B201DA392C81F04500464FAB /* ContentView.swift in Sources */ = {isa = PBXBuildFile; fileRef = B201DA382C81F04500464FAB /* ContentView.swift */; };
		B26DD7C52C7F65CA0075B1E9 /* ProductDetailsView.swift in Sources */ = {isa = PBXBuildFile; fileRef = B26DD7C42C7F65CA0075B1E9 /* ProductDetailsView.swift */; };
		B26DD7C72C7F69D70075B1E9 /* SegmentedControlView.swift in Sources */ = {isa = PBXBuildFile; fileRef = B26DD7C62C7F69D70075B1E9 /* SegmentedControlView.swift */; };
/* End PBXBuildFile section */

/* Begin PBXFileReference section */
		176E95612C7CB284004FB149 /* PeNaAreia.app */ = {isa = PBXFileReference; explicitFileType = wrapper.application; includeInIndex = 0; path = PeNaAreia.app; sourceTree = BUILT_PRODUCTS_DIR; };
		176E95642C7CB284004FB149 /* PeNaAreiaApp.swift */ = {isa = PBXFileReference; lastKnownFileType = sourcecode.swift; path = PeNaAreiaApp.swift; sourceTree = "<group>"; };
		176E95662C7CB284004FB149 /* TentDetailsView.swift */ = {isa = PBXFileReference; lastKnownFileType = sourcecode.swift; path = TentDetailsView.swift; sourceTree = "<group>"; };
		176E95682C7CB284004FB149 /* Assets.xcassets */ = {isa = PBXFileReference; lastKnownFileType = folder.assetcatalog; path = Assets.xcassets; sourceTree = "<group>"; };
		176E956B2C7CB284004FB149 /* Preview Assets.xcassets */ = {isa = PBXFileReference; lastKnownFileType = folder.assetcatalog; path = "Preview Assets.xcassets"; sourceTree = "<group>"; };
		6A02684C2C8229C500B25308 /* CapacityAlertView.swift */ = {isa = PBXFileReference; lastKnownFileType = sourcecode.swift; path = CapacityAlertView.swift; sourceTree = "<group>"; };
		6A96F5622C80B10E001ABB21 /* PeNaAreia.entitlements */ = {isa = PBXFileReference; lastKnownFileType = text.plist.entitlements; path = PeNaAreia.entitlements; sourceTree = "<group>"; };
		6A96F5632C80C124001ABB21 /* TideViewModel.swift */ = {isa = PBXFileReference; lastKnownFileType = sourcecode.swift; path = TideViewModel.swift; sourceTree = "<group>"; };
		6A96F5662C80C217001ABB21 /* TideModel.swift */ = {isa = PBXFileReference; lastKnownFileType = sourcecode.swift; path = TideModel.swift; sourceTree = "<group>"; };
		6A96F5682C81EAC6001ABB21 /* Localizable.xcstrings */ = {isa = PBXFileReference; lastKnownFileType = text.json.xcstrings; path = Localizable.xcstrings; sourceTree = "<group>"; };
		6AB482FF2C7E0F7A009C8B9A /* HeaderView.swift */ = {isa = PBXFileReference; lastKnownFileType = sourcecode.swift; path = HeaderView.swift; sourceTree = "<group>"; };
		6AB483022C7E1C90009C8B9A /* TentsView.swift */ = {isa = PBXFileReference; lastKnownFileType = sourcecode.swift; path = TentsView.swift; sourceTree = "<group>"; };
		6AB483062C7F4C94009C8B9A /* ProductsView.swift */ = {isa = PBXFileReference; lastKnownFileType = sourcecode.swift; path = ProductsView.swift; sourceTree = "<group>"; };
		6AB4830C2C80A16C009C8B9A /* WeatherViewModel.swift */ = {isa = PBXFileReference; lastKnownFileType = sourcecode.swift; path = WeatherViewModel.swift; sourceTree = "<group>"; };
		B201DA382C81F04500464FAB /* ContentView.swift */ = {isa = PBXFileReference; lastKnownFileType = sourcecode.swift; path = ContentView.swift; sourceTree = "<group>"; };
		B26DD7C42C7F65CA0075B1E9 /* ProductDetailsView.swift */ = {isa = PBXFileReference; lastKnownFileType = sourcecode.swift; path = ProductDetailsView.swift; sourceTree = "<group>"; };
		B26DD7C62C7F69D70075B1E9 /* SegmentedControlView.swift */ = {isa = PBXFileReference; lastKnownFileType = sourcecode.swift; path = SegmentedControlView.swift; sourceTree = "<group>"; };
/* End PBXFileReference section */

/* Begin PBXFrameworksBuildPhase section */
		176E955E2C7CB284004FB149 /* Frameworks */ = {
			isa = PBXFrameworksBuildPhase;
			buildActionMask = 2147483647;
			files = (
			);
			runOnlyForDeploymentPostprocessing = 0;
		};
/* End PBXFrameworksBuildPhase section */

/* Begin PBXGroup section */
		176E95582C7CB284004FB149 = {
			isa = PBXGroup;
			children = (
				176E95632C7CB284004FB149 /* PeNaAreia */,
				176E95622C7CB284004FB149 /* Products */,
			);
			sourceTree = "<group>";
		};
		176E95622C7CB284004FB149 /* Products */ = {
			isa = PBXGroup;
			children = (
				176E95612C7CB284004FB149 /* PeNaAreia.app */,
			);
			name = Products;
			sourceTree = "<group>";
		};
		176E95632C7CB284004FB149 /* PeNaAreia */ = {
			isa = PBXGroup;
			children = (
				6A96F5622C80B10E001ABB21 /* PeNaAreia.entitlements */,
				6A96F5682C81EAC6001ABB21 /* Localizable.xcstrings */,
				6A96F5652C80C204001ABB21 /* Models */,
				6AB4830B2C80A158009C8B9A /* ViewModel */,
				6AB482FE2C7E0F47009C8B9A /* Views */,
				B201DA382C81F04500464FAB /* ContentView.swift */,
				B26DD7C62C7F69D70075B1E9 /* SegmentedControlView.swift */,
				176E95642C7CB284004FB149 /* PeNaAreiaApp.swift */,
				176E95682C7CB284004FB149 /* Assets.xcassets */,
				176E956A2C7CB284004FB149 /* Preview Content */,
			);
			path = PeNaAreia;
			sourceTree = "<group>";
		};
		176E956A2C7CB284004FB149 /* Preview Content */ = {
			isa = PBXGroup;
			children = (
				176E956B2C7CB284004FB149 /* Preview Assets.xcassets */,
			);
			path = "Preview Content";
			sourceTree = "<group>";
		};
		6A96F5652C80C204001ABB21 /* Models */ = {
			isa = PBXGroup;
			children = (
				6A96F5662C80C217001ABB21 /* TideModel.swift */,
			);
			path = Models;
			sourceTree = "<group>";
		};
		6AB482FE2C7E0F47009C8B9A /* Views */ = {
			isa = PBXGroup;
			children = (
				6AB482FF2C7E0F7A009C8B9A /* HeaderView.swift */,
				6AB483022C7E1C90009C8B9A /* TentsView.swift */,
				6AB483062C7F4C94009C8B9A /* ProductsView.swift */,
				176E95662C7CB284004FB149 /* TentDetailsView.swift */,
				B26DD7C42C7F65CA0075B1E9 /* ProductDetailsView.swift */,
				6A02684C2C8229C500B25308 /* CapacityAlertView.swift */,
			);
			path = Views;
			sourceTree = "<group>";
		};
		6AB4830B2C80A158009C8B9A /* ViewModel */ = {
			isa = PBXGroup;
			children = (
				6AB4830C2C80A16C009C8B9A /* WeatherViewModel.swift */,
				6A96F5632C80C124001ABB21 /* TideViewModel.swift */,
			);
			path = ViewModel;
			sourceTree = "<group>";
		};
/* End PBXGroup section */

/* Begin PBXNativeTarget section */
		176E95602C7CB284004FB149 /* PeNaAreia */ = {
			isa = PBXNativeTarget;
			buildConfigurationList = 176E956F2C7CB284004FB149 /* Build configuration list for PBXNativeTarget "PeNaAreia" */;
			buildPhases = (
				176E955D2C7CB284004FB149 /* Sources */,
				176E955E2C7CB284004FB149 /* Frameworks */,
				176E955F2C7CB284004FB149 /* Resources */,
			);
			buildRules = (
			);
			dependencies = (
			);
			name = PeNaAreia;
			productName = PeNaAreia;
			productReference = 176E95612C7CB284004FB149 /* PeNaAreia.app */;
			productType = "com.apple.product-type.application";
		};
/* End PBXNativeTarget section */

/* Begin PBXProject section */
		176E95592C7CB284004FB149 /* Project object */ = {
			isa = PBXProject;
			attributes = {
				BuildIndependentTargetsInParallel = 1;
				LastSwiftUpdateCheck = 1540;
				LastUpgradeCheck = 1540;
				TargetAttributes = {
					176E95602C7CB284004FB149 = {
						CreatedOnToolsVersion = 15.4;
					};
				};
			};
			buildConfigurationList = 176E955C2C7CB284004FB149 /* Build configuration list for PBXProject "PeNaAreia" */;
			compatibilityVersion = "Xcode 14.0";
			developmentRegion = en;
			hasScannedForEncodings = 0;
			knownRegions = (
				en,
				Base,
				"pt-BR",
			);
			mainGroup = 176E95582C7CB284004FB149;
			productRefGroup = 176E95622C7CB284004FB149 /* Products */;
			projectDirPath = "";
			projectRoot = "";
			targets = (
				176E95602C7CB284004FB149 /* PeNaAreia */,
			);
		};
/* End PBXProject section */

/* Begin PBXResourcesBuildPhase section */
		176E955F2C7CB284004FB149 /* Resources */ = {
			isa = PBXResourcesBuildPhase;
			buildActionMask = 2147483647;
			files = (
				176E956C2C7CB284004FB149 /* Preview Assets.xcassets in Resources */,
				176E95692C7CB284004FB149 /* Assets.xcassets in Resources */,
				6A96F5692C81EAC6001ABB21 /* Localizable.xcstrings in Resources */,
			);
			runOnlyForDeploymentPostprocessing = 0;
		};
/* End PBXResourcesBuildPhase section */

/* Begin PBXSourcesBuildPhase section */
		176E955D2C7CB284004FB149 /* Sources */ = {
			isa = PBXSourcesBuildPhase;
			buildActionMask = 2147483647;
			files = (
				B26DD7C72C7F69D70075B1E9 /* SegmentedControlView.swift in Sources */,
				176E95672C7CB284004FB149 /* TentDetailsView.swift in Sources */,
				176E95672C7CB284004FB149 /* TentDetailsView.swift in Sources */,
				6A96F5672C80C217001ABB21 /* TideModel.swift in Sources */,
				6AB4830D2C80A16C009C8B9A /* WeatherViewModel.swift in Sources */,
				6AB483002C7E0F7A009C8B9A /* HeaderView.swift in Sources */,
				176E95672C7CB284004FB149 /* TentDetailsView.swift in Sources */,
				176E95652C7CB284004FB149 /* PeNaAreiaApp.swift in Sources */,
				B201DA392C81F04500464FAB /* ContentView.swift in Sources */,
				6AB483032C7E1C90009C8B9A /* TentsView.swift in Sources */,
				6A96F5642C80C124001ABB21 /* TideViewModel.swift in Sources */,
				B26DD7C52C7F65CA0075B1E9 /* ProductDetailsView.swift in Sources */,
				6AB483072C7F4C94009C8B9A /* ProductsView.swift in Sources */,
				6A02684D2C8229C500B25308 /* CapacityAlertView.swift in Sources */,
			);
			runOnlyForDeploymentPostprocessing = 0;
		};
/* End PBXSourcesBuildPhase section */

/* Begin XCBuildConfiguration section */
		176E956D2C7CB284004FB149 /* Debug */ = {
			isa = XCBuildConfiguration;
			buildSettings = {
				ALWAYS_SEARCH_USER_PATHS = NO;
				ASSETCATALOG_COMPILER_GENERATE_SWIFT_ASSET_SYMBOL_EXTENSIONS = YES;
				CLANG_ANALYZER_NONNULL = YES;
				CLANG_ANALYZER_NUMBER_OBJECT_CONVERSION = YES_AGGRESSIVE;
				CLANG_CXX_LANGUAGE_STANDARD = "gnu++20";
				CLANG_ENABLE_MODULES = YES;
				CLANG_ENABLE_OBJC_ARC = YES;
				CLANG_ENABLE_OBJC_WEAK = YES;
				CLANG_WARN_BLOCK_CAPTURE_AUTORELEASING = YES;
				CLANG_WARN_BOOL_CONVERSION = YES;
				CLANG_WARN_COMMA = YES;
				CLANG_WARN_CONSTANT_CONVERSION = YES;
				CLANG_WARN_DEPRECATED_OBJC_IMPLEMENTATIONS = YES;
				CLANG_WARN_DIRECT_OBJC_ISA_USAGE = YES_ERROR;
				CLANG_WARN_DOCUMENTATION_COMMENTS = YES;
				CLANG_WARN_EMPTY_BODY = YES;
				CLANG_WARN_ENUM_CONVERSION = YES;
				CLANG_WARN_INFINITE_RECURSION = YES;
				CLANG_WARN_INT_CONVERSION = YES;
				CLANG_WARN_NON_LITERAL_NULL_CONVERSION = YES;
				CLANG_WARN_OBJC_IMPLICIT_RETAIN_SELF = YES;
				CLANG_WARN_OBJC_LITERAL_CONVERSION = YES;
				CLANG_WARN_OBJC_ROOT_CLASS = YES_ERROR;
				CLANG_WARN_QUOTED_INCLUDE_IN_FRAMEWORK_HEADER = YES;
				CLANG_WARN_RANGE_LOOP_ANALYSIS = YES;
				CLANG_WARN_STRICT_PROTOTYPES = YES;
				CLANG_WARN_SUSPICIOUS_MOVE = YES;
				CLANG_WARN_UNGUARDED_AVAILABILITY = YES_AGGRESSIVE;
				CLANG_WARN_UNREACHABLE_CODE = YES;
				CLANG_WARN__DUPLICATE_METHOD_MATCH = YES;
				COPY_PHASE_STRIP = NO;
				DEBUG_INFORMATION_FORMAT = dwarf;
				ENABLE_STRICT_OBJC_MSGSEND = YES;
				ENABLE_TESTABILITY = YES;
				ENABLE_USER_SCRIPT_SANDBOXING = YES;
				GCC_C_LANGUAGE_STANDARD = gnu17;
				GCC_DYNAMIC_NO_PIC = NO;
				GCC_NO_COMMON_BLOCKS = YES;
				GCC_OPTIMIZATION_LEVEL = 0;
				GCC_PREPROCESSOR_DEFINITIONS = (
					"DEBUG=1",
					"$(inherited)",
				);
				GCC_WARN_64_TO_32_BIT_CONVERSION = YES;
				GCC_WARN_ABOUT_RETURN_TYPE = YES_ERROR;
				GCC_WARN_UNDECLARED_SELECTOR = YES;
				GCC_WARN_UNINITIALIZED_AUTOS = YES_AGGRESSIVE;
				GCC_WARN_UNUSED_FUNCTION = YES;
				GCC_WARN_UNUSED_VARIABLE = YES;
				IPHONEOS_DEPLOYMENT_TARGET = 17.5;
				LOCALIZATION_PREFERS_STRING_CATALOGS = YES;
				MTL_ENABLE_DEBUG_INFO = INCLUDE_SOURCE;
				MTL_FAST_MATH = YES;
				ONLY_ACTIVE_ARCH = YES;
				SDKROOT = iphoneos;
				SWIFT_ACTIVE_COMPILATION_CONDITIONS = "DEBUG $(inherited)";
				SWIFT_OPTIMIZATION_LEVEL = "-Onone";
			};
			name = Debug;
		};
		176E956E2C7CB284004FB149 /* Release */ = {
			isa = XCBuildConfiguration;
			buildSettings = {
				ALWAYS_SEARCH_USER_PATHS = NO;
				ASSETCATALOG_COMPILER_GENERATE_SWIFT_ASSET_SYMBOL_EXTENSIONS = YES;
				CLANG_ANALYZER_NONNULL = YES;
				CLANG_ANALYZER_NUMBER_OBJECT_CONVERSION = YES_AGGRESSIVE;
				CLANG_CXX_LANGUAGE_STANDARD = "gnu++20";
				CLANG_ENABLE_MODULES = YES;
				CLANG_ENABLE_OBJC_ARC = YES;
				CLANG_ENABLE_OBJC_WEAK = YES;
				CLANG_WARN_BLOCK_CAPTURE_AUTORELEASING = YES;
				CLANG_WARN_BOOL_CONVERSION = YES;
				CLANG_WARN_COMMA = YES;
				CLANG_WARN_CONSTANT_CONVERSION = YES;
				CLANG_WARN_DEPRECATED_OBJC_IMPLEMENTATIONS = YES;
				CLANG_WARN_DIRECT_OBJC_ISA_USAGE = YES_ERROR;
				CLANG_WARN_DOCUMENTATION_COMMENTS = YES;
				CLANG_WARN_EMPTY_BODY = YES;
				CLANG_WARN_ENUM_CONVERSION = YES;
				CLANG_WARN_INFINITE_RECURSION = YES;
				CLANG_WARN_INT_CONVERSION = YES;
				CLANG_WARN_NON_LITERAL_NULL_CONVERSION = YES;
				CLANG_WARN_OBJC_IMPLICIT_RETAIN_SELF = YES;
				CLANG_WARN_OBJC_LITERAL_CONVERSION = YES;
				CLANG_WARN_OBJC_ROOT_CLASS = YES_ERROR;
				CLANG_WARN_QUOTED_INCLUDE_IN_FRAMEWORK_HEADER = YES;
				CLANG_WARN_RANGE_LOOP_ANALYSIS = YES;
				CLANG_WARN_STRICT_PROTOTYPES = YES;
				CLANG_WARN_SUSPICIOUS_MOVE = YES;
				CLANG_WARN_UNGUARDED_AVAILABILITY = YES_AGGRESSIVE;
				CLANG_WARN_UNREACHABLE_CODE = YES;
				CLANG_WARN__DUPLICATE_METHOD_MATCH = YES;
				COPY_PHASE_STRIP = NO;
				DEBUG_INFORMATION_FORMAT = "dwarf-with-dsym";
				ENABLE_NS_ASSERTIONS = NO;
				ENABLE_STRICT_OBJC_MSGSEND = YES;
				ENABLE_USER_SCRIPT_SANDBOXING = YES;
				GCC_C_LANGUAGE_STANDARD = gnu17;
				GCC_NO_COMMON_BLOCKS = YES;
				GCC_WARN_64_TO_32_BIT_CONVERSION = YES;
				GCC_WARN_ABOUT_RETURN_TYPE = YES_ERROR;
				GCC_WARN_UNDECLARED_SELECTOR = YES;
				GCC_WARN_UNINITIALIZED_AUTOS = YES_AGGRESSIVE;
				GCC_WARN_UNUSED_FUNCTION = YES;
				GCC_WARN_UNUSED_VARIABLE = YES;
				IPHONEOS_DEPLOYMENT_TARGET = 17.5;
				LOCALIZATION_PREFERS_STRING_CATALOGS = YES;
				MTL_ENABLE_DEBUG_INFO = NO;
				MTL_FAST_MATH = YES;
				SDKROOT = iphoneos;
				SWIFT_COMPILATION_MODE = wholemodule;
				VALIDATE_PRODUCT = YES;
			};
			name = Release;
		};
		176E95702C7CB284004FB149 /* Debug */ = {
			isa = XCBuildConfiguration;
			buildSettings = {
				ASSETCATALOG_COMPILER_APPICON_NAME = AppIcon;
				ASSETCATALOG_COMPILER_GLOBAL_ACCENT_COLOR_NAME = AccentColor;
				CODE_SIGN_ENTITLEMENTS = PeNaAreia/PeNaAreia.entitlements;
				CODE_SIGN_STYLE = Automatic;
				CURRENT_PROJECT_VERSION = 1;
				DEVELOPMENT_ASSET_PATHS = "\"PeNaAreia/Preview Content\"";
				DEVELOPMENT_TEAM = FJ88J69NXX;
				ENABLE_PREVIEWS = YES;
				GENERATE_INFOPLIST_FILE = YES;
				INFOPLIST_KEY_CFBundleDisplayName = "Pé na Areia";
				INFOPLIST_KEY_NSLocationWhenInUseUsageDescription = "O aplicativo precisa acessar sua localização para obter informações meteorológicas.";
				INFOPLIST_KEY_UIApplicationSceneManifest_Generation = YES;
				INFOPLIST_KEY_UIApplicationSupportsIndirectInputEvents = YES;
				INFOPLIST_KEY_UILaunchScreen_Generation = YES;
				INFOPLIST_KEY_UISupportedInterfaceOrientations_iPad = "UIInterfaceOrientationPortrait UIInterfaceOrientationPortraitUpsideDown UIInterfaceOrientationLandscapeLeft UIInterfaceOrientationLandscapeRight";
				INFOPLIST_KEY_UISupportedInterfaceOrientations_iPhone = "UIInterfaceOrientationPortrait UIInterfaceOrientationLandscapeLeft UIInterfaceOrientationLandscapeRight";
				LD_RUNPATH_SEARCH_PATHS = (
					"$(inherited)",
					"@executable_path/Frameworks",
				);
				MARKETING_VERSION = 1.0;
				PRODUCT_BUNDLE_IDENTIFIER = mrms.PeNaAreia;
				PRODUCT_NAME = "$(TARGET_NAME)";
				SWIFT_EMIT_LOC_STRINGS = YES;
				SWIFT_VERSION = 5.0;
				TARGETED_DEVICE_FAMILY = "1,2";
			};
			name = Debug;
		};
		176E95712C7CB284004FB149 /* Release */ = {
			isa = XCBuildConfiguration;
			buildSettings = {
				ASSETCATALOG_COMPILER_APPICON_NAME = AppIcon;
				ASSETCATALOG_COMPILER_GLOBAL_ACCENT_COLOR_NAME = AccentColor;
				CODE_SIGN_ENTITLEMENTS = PeNaAreia/PeNaAreia.entitlements;
				CODE_SIGN_STYLE = Automatic;
				CURRENT_PROJECT_VERSION = 1;
				DEVELOPMENT_ASSET_PATHS = "\"PeNaAreia/Preview Content\"";
				DEVELOPMENT_TEAM = FJ88J69NXX;
				ENABLE_PREVIEWS = YES;
				GENERATE_INFOPLIST_FILE = YES;
				INFOPLIST_KEY_CFBundleDisplayName = "Pé na Areia";
				INFOPLIST_KEY_NSLocationWhenInUseUsageDescription = "O aplicativo precisa acessar sua localização para obter informações meteorológicas.";
				INFOPLIST_KEY_UIApplicationSceneManifest_Generation = YES;
				INFOPLIST_KEY_UIApplicationSupportsIndirectInputEvents = YES;
				INFOPLIST_KEY_UILaunchScreen_Generation = YES;
				INFOPLIST_KEY_UISupportedInterfaceOrientations_iPad = "UIInterfaceOrientationPortrait UIInterfaceOrientationPortraitUpsideDown UIInterfaceOrientationLandscapeLeft UIInterfaceOrientationLandscapeRight";
				INFOPLIST_KEY_UISupportedInterfaceOrientations_iPhone = "UIInterfaceOrientationPortrait UIInterfaceOrientationLandscapeLeft UIInterfaceOrientationLandscapeRight";
				LD_RUNPATH_SEARCH_PATHS = (
					"$(inherited)",
					"@executable_path/Frameworks",
				);
				MARKETING_VERSION = 1.0;
				PRODUCT_BUNDLE_IDENTIFIER = mrms.PeNaAreia;
				PRODUCT_NAME = "$(TARGET_NAME)";
				SWIFT_EMIT_LOC_STRINGS = YES;
				SWIFT_VERSION = 5.0;
				TARGETED_DEVICE_FAMILY = "1,2";
			};
			name = Release;
		};
/* End XCBuildConfiguration section */

/* Begin XCConfigurationList section */
		176E955C2C7CB284004FB149 /* Build configuration list for PBXProject "PeNaAreia" */ = {
			isa = XCConfigurationList;
			buildConfigurations = (
				176E956D2C7CB284004FB149 /* Debug */,
				176E956E2C7CB284004FB149 /* Release */,
			);
			defaultConfigurationIsVisible = 0;
			defaultConfigurationName = Release;
		};
		176E956F2C7CB284004FB149 /* Build configuration list for PBXNativeTarget "PeNaAreia" */ = {
			isa = XCConfigurationList;
			buildConfigurations = (
				176E95702C7CB284004FB149 /* Debug */,
				176E95712C7CB284004FB149 /* Release */,
			);
			defaultConfigurationIsVisible = 0;
			defaultConfigurationName = Release;
		};
/* End XCConfigurationList section */
	};
	rootObject = 176E95592C7CB284004FB149 /* Project object */;
}
